{
  "version": 4,
  "terraform_version": "1.2.8",
  "serial": 37,
  "lineage": "ccd4d4ae-8650-5fa0-2515-6403662922ee",
  "outputs": {
    "ec2_public_dns": {
      "value": "ec2-3-71-12-96.eu-central-1.compute.amazonaws.com",
      "type": "string"
    },
    "ec2_public_ip": {
      "value": "18.158.128.30",
      "type": "string"
    }
  },
  "resources": [
    {
      "module": "module.ec2",
      "mode": "managed",
      "type": "aws_eip",
      "name": "eip",
      "provider": "provider[\"registry.terraform.io/hashicorp/aws\"]",
      "instances": [
        {
          "schema_version": 0,
          "attributes": {
            "address": null,
            "allocation_id": "eipalloc-0d1107e9e6541fa0a",
            "associate_with_private_ip": null,
            "association_id": "eipassoc-0a816fc2faa1bd2b0",
            "carrier_ip": "",
            "customer_owned_ip": "",
            "customer_owned_ipv4_pool": "",
            "domain": "vpc",
            "id": "eipalloc-0d1107e9e6541fa0a",
            "instance": "i-0ebc47a74a223f9db",
            "network_border_group": "eu-central-1",
            "network_interface": "eni-0ccdc31310b8dc4d1",
            "private_dns": "ip-10-123-2-94.eu-central-1.compute.internal",
            "private_ip": "10.123.2.94",
            "public_dns": "ec2-18-158-128-30.eu-central-1.compute.amazonaws.com",
            "public_ip": "18.158.128.30",
            "public_ipv4_pool": "amazon",
            "tags": null,
            "tags_all": {},
            "timeouts": null,
            "vpc": true
          },
          "sensitive_attributes": [],
          "private": "eyJlMmJmYjczMC1lY2FhLTExZTYtOGY4OC0zNDM2M2JjN2M0YzAiOnsiZGVsZXRlIjoxODAwMDAwMDAwMDAsInJlYWQiOjkwMDAwMDAwMDAwMCwidXBkYXRlIjozMDAwMDAwMDAwMDB9fQ==",
          "dependencies": [
            "module.ec2.aws_instance.node",
            "module.ec2.aws_key_pair.key_pair",
            "module.ec2.tls_private_key.key",
            "module.network.aws_security_group.sg",
            "module.network.aws_subnet.public_subnet",
            "module.network.aws_vpc.vpc",
            "module.network.data.aws_availability_zones.available"
          ]
        }
      ]
    },
    {
      "module": "module.ec2",
      "mode": "managed",
      "type": "aws_instance",
      "name": "node",
      "provider": "provider[\"registry.terraform.io/hashicorp/aws\"]",
      "instances": [
        {
          "schema_version": 1,
          "attributes": {
            "ami": "ami-0d527b8c289b4af7f",
            "arn": "arn:aws:ec2:eu-central-1:294914547699:instance/i-0ebc47a74a223f9db",
            "associate_public_ip_address": true,
            "availability_zone": "eu-central-1a",
            "capacity_reservation_specification": [
              {
                "capacity_reservation_preference": "open",
                "capacity_reservation_target": []
              }
            ],
            "cpu_core_count": 1,
            "cpu_threads_per_core": 1,
            "credit_specification": [
              {
                "cpu_credits": "standard"
              }
            ],
            "disable_api_stop": false,
            "disable_api_termination": false,
            "ebs_block_device": [],
            "ebs_optimized": false,
            "enclave_options": [
              {
                "enabled": false
              }
            ],
            "ephemeral_block_device": [],
            "get_password_data": false,
            "hibernation": false,
            "host_id": null,
            "iam_instance_profile": "",
            "id": "i-0ebc47a74a223f9db",
            "instance_initiated_shutdown_behavior": "stop",
            "instance_state": "running",
            "instance_type": "t2.micro",
            "ipv6_address_count": 0,
            "ipv6_addresses": [],
            "key_name": "key",
            "launch_template": [],
            "maintenance_options": [
              {
                "auto_recovery": "default"
              }
            ],
            "metadata_options": [
              {
                "http_endpoint": "enabled",
                "http_put_response_hop_limit": 1,
                "http_tokens": "optional",
                "instance_metadata_tags": "disabled"
              }
            ],
            "monitoring": false,
            "network_interface": [],
            "outpost_arn": "",
            "password_data": "",
            "placement_group": "",
            "placement_partition_number": null,
            "primary_network_interface_id": "eni-0ccdc31310b8dc4d1",
            "private_dns": "ip-10-123-2-94.eu-central-1.compute.internal",
            "private_dns_name_options": [
              {
                "enable_resource_name_dns_a_record": false,
                "enable_resource_name_dns_aaaa_record": false,
                "hostname_type": "ip-name"
              }
            ],
            "private_ip": "10.123.2.94",
            "public_dns": "ec2-3-71-12-96.eu-central-1.compute.amazonaws.com",
            "public_ip": "3.71.12.96",
            "root_block_device": [
              {
                "delete_on_termination": true,
                "device_name": "/dev/sda1",
                "encrypted": false,
                "iops": 100,
                "kms_key_id": "",
                "tags": null,
                "throughput": 0,
                "volume_id": "vol-0505bfa513844f796",
                "volume_size": 10,
                "volume_type": "gp2"
              }
            ],
            "secondary_private_ips": [],
            "security_groups": [],
            "source_dest_check": true,
            "subnet_id": "subnet-06cf5140cf808f609",
            "tags": {
              "Name": "TF Generated EC2"
            },
            "tags_all": {
              "Name": "TF Generated EC2"
            },
            "tenancy": "default",
            "timeouts": null,
            "user_data": "47eba3ebb08c2a50fd872d4c8ea682224c045560",
            "user_data_base64": null,
            "user_data_replace_on_change": false,
            "volume_tags": null,
            "vpc_security_group_ids": [
              "sg-0ea921e78e724992b"
            ]
          },
          "sensitive_attributes": [],
          "private": "eyJlMmJmYjczMC1lY2FhLTExZTYtOGY4OC0zNDM2M2JjN2M0YzAiOnsiY3JlYXRlIjo2MDAwMDAwMDAwMDAsImRlbGV0ZSI6MTIwMDAwMDAwMDAwMCwidXBkYXRlIjo2MDAwMDAwMDAwMDB9LCJzY2hlbWFfdmVyc2lvbiI6IjEifQ==",
          "dependencies": [
            "module.ec2.aws_key_pair.key_pair",
            "module.ec2.tls_private_key.key",
            "module.network.aws_security_group.sg",
            "module.network.aws_subnet.public_subnet",
            "module.network.aws_vpc.vpc",
            "module.network.data.aws_availability_zones.available"
          ]
        }
      ]
    },
    {
      "module": "module.ec2",
      "mode": "managed",
      "type": "aws_key_pair",
      "name": "key_pair",
      "provider": "provider[\"registry.terraform.io/hashicorp/aws\"]",
      "instances": [
        {
          "schema_version": 1,
          "attributes": {
            "arn": "arn:aws:ec2:eu-central-1:294914547699:key-pair/key",
            "fingerprint": "db:63:f2:dd:e8:95:8d:cb:66:8f:11:6a:cd:ca:a2:e3",
            "id": "key",
            "key_name": "key",
            "key_name_prefix": "",
            "key_pair_id": "key-06b9e052258527e8f",
            "key_type": "rsa",
            "public_key": "ssh-rsa AAAAB3NzaC1yc2EAAAADAQABAAACAQC8Ty8JWTxhnIzq3ZqSAtvlHhxYc5I3/KRTG0pjePkrRzpouv4uboosce45NaBGKOeKFwXi4GxMZRCs8iFn+6vDjIPe+JvHxuF++zxJCF0h0iOLL4zP8Blo3iY+aaYa71Bg/U+h9WOE3PpHtzTP4MjPA3AjtFLuWjT2M0ySYVQvnSzR9ZEpgVpermp48yG/PR6ytiV+B0f8J1LEw0gqfpkaXEXzYHpWsg+c1SUK8ptsA9Gsu0m5wmRpcuFeBxtd8ceBP/ijvjYO8W5yKPCNB0XkNCl3re6NzoFvHQxhQ1aabznk86bqXt3CFhCpeHsxIs5r8E64WchcHZUUktibZC7Fze0YHwI3XWIhiu4nT+1PfO3d/tdVmoGJ+U4SIfeWcwX3EBb6DgFrtpRKMo9p/on6aGOBnFSNo5J5oq4OMkad0AxPz6xiS7oQqK9RiM/XY5lbz1NZQgTyBjtb4mfyd2h9SXySbEx8mVy8PAia++aTVW2al+uOx9t8coRCxUDlS//a/2WLnARitrHu4m763lutIhfJFjmnjJCYNErNDO3XIyk3P9Fx4Y8EY/PlVcN2iXcoPU150N7SyyOsW6VcVPxLJny6yAMefHFdbY+G4OemH5Gfthmzza5iZMSjivJNSd/IHiRS0FGegIK3dHlqZNCAu0gwnke7vNY+3aDcgkS0uw==",
            "tags": null,
            "tags_all": {}
          },
          "sensitive_attributes": [],
          "private": "eyJzY2hlbWFfdmVyc2lvbiI6IjEifQ==",
          "dependencies": [
            "module.ec2.tls_private_key.key"
          ]
        }
      ]
    },
    {
      "module": "module.ec2",
      "mode": "managed",
      "type": "tls_private_key",
      "name": "key",
      "provider": "provider[\"registry.terraform.io/hashicorp/tls\"]",
      "instances": [
        {
          "schema_version": 1,
          "attributes": {
            "algorithm": "RSA",
            "ecdsa_curve": "P224",
            "id": "5777cda545bb5aed4ec3eee2386a3fa63fa16d7a",
            "private_key_openssh": "-----BEGIN OPENSSH PRIVATE KEY-----\nb3BlbnNzaC1rZXktdjEAAAAABG5vbmUAAAAEbm9uZQAAAAAAAAABAAACFwAAAAdz\nc2gtcnNhAAAAAwEAAQAAAgEAvE8vCVk8YZyM6t2akgLb5R4cWHOSN/ykUxtKY3j5\nK0c6aLr+Lm6KLHHuOTWgRijnihcF4uBsTGUQrPIhZ/urw4yD3vibx8bhfvs8SQhd\nIdIjiy+Mz/AZaN4mPmmmGu9QYP1PofVjhNz6R7c0z+DIzwNwI7RS7lo09jNMkmFU\nL50s0fWRKYFaXq5qePMhvz0esrYlfgdH/CdSxMNIKn6ZGlxF82B6VrIPnNUlCvKb\nbAPRrLtJucJkaXLhXgcbXfHHgT/4o742DvFucijwjQdF5DQpd63ujc6Bbx0MYUNW\nmm855POm6l7dwhYQqXh7MSLOa/BOuFnIXB2VFJLYm2Quxc3tGB8CN11iIYruJ0/t\nT3zt3f7XVZqBiflOEiH3lnMF9xAW+g4Ba7aUSjKPaf6J+mhjgZxUjaOSeaKuDjJG\nndAMT8+sYku6EKivUYjP12OZW89TWUIE8gY7W+Jn8ndofUl8kmxMfJlcvDwImvvm\nk1VtmpfrjsfbfHKEQsVA5Uv/2v9li5wEYrax7uJu+t5brSIXyRY5p4yQmDRKzQzt\n1yMpNz/RceGPBGPz5VXDdol3KD1NedDe0ssjrFulXFT8SyZ8usgDHnxxXW2PhuDn\nph+Rn7YZs82uYmTEo4ryTUnfyB4kUtBRnoCCt3R5amTQgLtIMJ5Hu7zWPt2g3IJE\ntLsAAAc4pwetw6cHrcMAAAAHc3NoLXJzYQAAAgEAvE8vCVk8YZyM6t2akgLb5R4c\nWHOSN/ykUxtKY3j5K0c6aLr+Lm6KLHHuOTWgRijnihcF4uBsTGUQrPIhZ/urw4yD\n3vibx8bhfvs8SQhdIdIjiy+Mz/AZaN4mPmmmGu9QYP1PofVjhNz6R7c0z+DIzwNw\nI7RS7lo09jNMkmFUL50s0fWRKYFaXq5qePMhvz0esrYlfgdH/CdSxMNIKn6ZGlxF\n82B6VrIPnNUlCvKbbAPRrLtJucJkaXLhXgcbXfHHgT/4o742DvFucijwjQdF5DQp\nd63ujc6Bbx0MYUNWmm855POm6l7dwhYQqXh7MSLOa/BOuFnIXB2VFJLYm2Quxc3t\nGB8CN11iIYruJ0/tT3zt3f7XVZqBiflOEiH3lnMF9xAW+g4Ba7aUSjKPaf6J+mhj\ngZxUjaOSeaKuDjJGndAMT8+sYku6EKivUYjP12OZW89TWUIE8gY7W+Jn8ndofUl8\nkmxMfJlcvDwImvvmk1VtmpfrjsfbfHKEQsVA5Uv/2v9li5wEYrax7uJu+t5brSIX\nyRY5p4yQmDRKzQzt1yMpNz/RceGPBGPz5VXDdol3KD1NedDe0ssjrFulXFT8SyZ8\nusgDHnxxXW2PhuDnph+Rn7YZs82uYmTEo4ryTUnfyB4kUtBRnoCCt3R5amTQgLtI\nMJ5Hu7zWPt2g3IJEtLsAAAADAQABAAACAB1CVHWoZuhn0cGAk07SoOY1yoO32WVX\nnRTIrcNM/bJKy/mP7IS8aj3Dqhc7jN655lgfgauh4VHxdijZKnWktiiZQbg4esQM\n0+bOFKzoXsgthZZP2hpJHTmdIuYZtlSDEMMxONlabo8rYrwX7F3MeIcp6pexoh0k\n6QvEJsar1s/bJSaueFKxpaAGi8alSH4VehqckLDHYtj8JzEpgqIPr6xX4AqT2A52\ndlSRDcNotNuQsFiddTQmz0FPN1NL2WW8dppPnUub93xU6StVzyKqmaJ+tF7DKMjh\n6Fyib9UBCIjQdXdsoGfUO7K3iPk8HjAhT1+YJDMiyC3/7rUWqA9k/ps7M1HHo/77\nszgJVFlPm2laCF7MDquSfJ/cDb2AdM0PAnHMd9FuK6z7IyBnCaj61xur5dSnqAWJ\not/gpWzXJ5imeXzWom6c0WBHSHWUTjFtTWp7l0mSEYP5hEMWxtdPzsCmv81a5z47\nhMfpEIJv7i/ROSnWqFRFHLjho3r8/RgVpX8WU15bwrDERTZyKrOp1YPGPtIG1Nbf\npda0y18LzzimvQcoPLVsib2zWnkINY76Ns/T0id756I8zgkIebT+UeozFgxEqmf4\nsHj6+ORvd9pe99b/dkBIVUc9lwkwUfe/PmN3A9boazXQOSRDW3rj1ZA/w0FEzzWY\nEsafl6K4IlOxAAABAALmuWy01Yp9sf+18boGIEGgywcRd/RH+R2j3eRCsCcOgsmO\nesB7fyErnaBf3yi5aQhjDAWSUaFryL0cMXRn6Gw9RmHeWDO5aQAbUvRYKKUOoxEp\nd/qs3GhA1o2eOqAKEfYyCiEDy/n84iTYAPXDMH6erJ+tGgD6SyhStQvJCrNGBu2R\nVaKfnOdDJDaNavjPB6QENMRh4GY7NuSn5yN69JYGhzcg6FQtjKRze/+fhmE2ysfp\nPpAQN6zRBIf8fodSXCsyF8MCzPwGSTu9hbwT66/9hv7B8KAQ+6G7FBS9gFhYEXtv\nW2/QW9QBI8UBQzBLKz+louypQrOCwqJ7w5SS9AkAAAEBAOeBSG9A0kHU2SXoCNCw\nh6eyBeuNGIs/f1OvewAr/DSWzDfrjPko13axjyZ4AOwm7QzYSw6yuYXJwpj20yXQ\nxlcoz/4afCqaW42D8M83lZoV2ZLsjFg0W0usoIrY18/hDqCycqCQCXem7kE744s0\n7cbPF8l3aJYdiPG9YcEye+iCojhbas6Upr54XtpbJ2uRgsdsi4kOf7BLZfQ4TjZm\nJu7Y+6XtL53Plt7mN2TKKRaQUOVz2wJO3VljS7JLaNdnJdaE4MR3ISxPUu4yz/Uj\n89KLnYg5cEo+Q0AiRr4vGi3whsFYcu3VQ9ctOHiYP+7cR6hKgO4Ku9B2hqSLktKd\nSIMAAAEBANA73rIzHMM0fsIuzfmTScUmtKR2HfUh9E4+PXphf8BLZeZ74F+cCc8B\nL8sAqImfmfcSbUu5Lb+zNRoGIfg2MThTahg7QrA4fjWFz0VtxvdSl4EQhB/QL3pr\na4wAryPE3Nw25u/MAgh4JpOj04+M0rK4ep2G9KhTyQ7Ihb7+rBdmrY6WxNZcIxHK\n7ctCnZw9sXzE03g6+eRysNBfoPk3Z6bImwAjnrkfOukhlKIlMTJ/nZSwbvbO9LRK\nP8QBmPxw5/IdU4wqWugXve9qANk0M6Z9wDrEPTa4z9rkT2QtKa0jtF4YlBTQHVWR\nnliTtBgR7664X+r0AiDoNkPv5ZwefWkAAAAAAQID\n-----END OPENSSH PRIVATE KEY-----\n",
            "private_key_pem": "-----BEGIN RSA PRIVATE KEY-----\nMIIJKQIBAAKCAgEAvE8vCVk8YZyM6t2akgLb5R4cWHOSN/ykUxtKY3j5K0c6aLr+\nLm6KLHHuOTWgRijnihcF4uBsTGUQrPIhZ/urw4yD3vibx8bhfvs8SQhdIdIjiy+M\nz/AZaN4mPmmmGu9QYP1PofVjhNz6R7c0z+DIzwNwI7RS7lo09jNMkmFUL50s0fWR\nKYFaXq5qePMhvz0esrYlfgdH/CdSxMNIKn6ZGlxF82B6VrIPnNUlCvKbbAPRrLtJ\nucJkaXLhXgcbXfHHgT/4o742DvFucijwjQdF5DQpd63ujc6Bbx0MYUNWmm855POm\n6l7dwhYQqXh7MSLOa/BOuFnIXB2VFJLYm2Quxc3tGB8CN11iIYruJ0/tT3zt3f7X\nVZqBiflOEiH3lnMF9xAW+g4Ba7aUSjKPaf6J+mhjgZxUjaOSeaKuDjJGndAMT8+s\nYku6EKivUYjP12OZW89TWUIE8gY7W+Jn8ndofUl8kmxMfJlcvDwImvvmk1Vtmpfr\njsfbfHKEQsVA5Uv/2v9li5wEYrax7uJu+t5brSIXyRY5p4yQmDRKzQzt1yMpNz/R\nceGPBGPz5VXDdol3KD1NedDe0ssjrFulXFT8SyZ8usgDHnxxXW2PhuDnph+Rn7YZ\ns82uYmTEo4ryTUnfyB4kUtBRnoCCt3R5amTQgLtIMJ5Hu7zWPt2g3IJEtLsCAwEA\nAQKCAgAdQlR1qGboZ9HBgJNO0qDmNcqDt9llV50UyK3DTP2ySsv5j+yEvGo9w6oX\nO4zeueZYH4GroeFR8XYo2Sp1pLYomUG4OHrEDNPmzhSs6F7ILYWWT9oaSR05nSLm\nGbZUgxDDMTjZWm6PK2K8F+xdzHiHKeqXsaIdJOkLxCbGq9bP2yUmrnhSsaWgBovG\npUh+FXoanJCwx2LY/CcxKYKiD6+sV+AKk9gOdnZUkQ3DaLTbkLBYnXU0Js9BTzdT\nS9llvHaaT51Lm/d8VOkrVc8iqpmifrRewyjI4ehcom/VAQiI0HV3bKBn1Duyt4j5\nPB4wIU9fmCQzIsgt/+61FqgPZP6bOzNRx6P++7M4CVRZT5tpWghezA6rknyf3A29\ngHTNDwJxzHfRbius+yMgZwmo+tcbq+XUp6gFiaLf4KVs1yeYpnl81qJunNFgR0h1\nlE4xbU1qe5dJkhGD+YRDFsbXT87Apr/NWuc+O4TH6RCCb+4v0Tkp1qhURRy44aN6\n/P0YFaV/FlNeW8KwxEU2ciqzqdWDxj7SBtTW36XWtMtfC884pr0HKDy1bIm9s1p5\nCDWO+jbP09Ine+eiPM4JCHm0/lHqMxYMRKpn+LB4+vjkb3faXvfW/3ZASFVHPZcJ\nMFH3vz5jdwPW6Gs10DkkQ1t649WQP8NBRM81mBLGn5eiuCJTsQKCAQEA54FIb0DS\nQdTZJegI0LCHp7IF640Yiz9/U697ACv8NJbMN+uM+SjXdrGPJngA7CbtDNhLDrK5\nhcnCmPbTJdDGVyjP/hp8KppbjYPwzzeVmhXZkuyMWDRbS6ygitjXz+EOoLJyoJAJ\nd6buQTvjizTtxs8XyXdolh2I8b1hwTJ76IKiOFtqzpSmvnhe2lsna5GCx2yLiQ5/\nsEtl9DhONmYm7tj7pe0vnc+W3uY3ZMopFpBQ5XPbAk7dWWNLskto12cl1oTgxHch\nLE9S7jLP9SPz0oudiDlwSj5DQCJGvi8aLfCGwVhy7dVD1y04eJg/7txHqEqA7gq7\n0HaGpIuS0p1IgwKCAQEA0DvesjMcwzR+wi7N+ZNJxSa0pHYd9SH0Tj49emF/wEtl\n5nvgX5wJzwEvywCoiZ+Z9xJtS7ktv7M1GgYh+DYxOFNqGDtCsDh+NYXPRW3G91KX\ngRCEH9AvemtrjACvI8Tc3Dbm78wCCHgmk6PTj4zSsrh6nYb0qFPJDsiFvv6sF2at\njpbE1lwjEcrty0KdnD2xfMTTeDr55HKw0F+g+TdnpsibACOeuR866SGUoiUxMn+d\nlLBu9s70tEo/xAGY/HDn8h1TjCpa6Be972oA2TQzpn3AOsQ9NrjP2uRPZC0prSO0\nXhiUFNAdVZGeWJO0GBHvrrhf6vQCIOg2Q+/lnB59aQKCAQEAqQUSxWcmGzozcCGA\njhzUbfLjr55MFR4+7/JmczGp6RtP7mPjgOX4qYfpY8Spp8CjwYUJB6olGTC9CsDq\nV+mdZXU+pd7gWJppzWBPKHsEloLtXv+lV6CiJxXaAIVgyz0dWOXwGpoOz3To7mez\nMadrEoOQcl7j1PWrThNek5cwMAlwNoVH7ZtKQjXPysxSc47BVKhDF8WmJChoP238\nbGsYcbmpwPLymN0+4W5jcwrGBNtItL1pYL4DjYeZdIrp+JouXfiVwdrYNWmUuqQO\ngIPHOCkG0rZc7VeX8fMUgzYQfwnk2LSi9FGIPkmduS4vP01EY/JBP4pGpWRj2S6t\n+2cp0QKCAQEAytUWhiPtZ2OR+VoX/nvuxqB+Ixh+89EgJLrRrYydINUQrCKMGvVm\nRIIWaLn6cRvKoHUNi04Udv97wR6qJhm7de8ij/nhar+MiFwP2sQko7KKqwhIeqiS\nJr/N4XClKMVQkRzVdE0WyeMnSHay08hLUBUMMrdLR09dsA244aM2RBEbC6Jml5rl\n+iXd3TjFR3R8l1kt15Yy5cil3ELaDQdf6oDLIqaPrCj0fDPekNaDhnnyJ+x4Gebb\nS2ZrmGQp/fOIqzjPsd9r71l5BGUP8IK9sPYaseOG8O+yX7g2cRDg4Kq/vUxZqbBS\ncpBGWmd9bFjETD+CBt2p2R34BdL+qES2yQKCAQAC5rlstNWKfbH/tfG6BiBBoMsH\nEXf0R/kdo93kQrAnDoLJjnrAe38hK52gX98ouWkIYwwFklGha8i9HDF0Z+hsPUZh\n3lgzuWkAG1L0WCilDqMRKXf6rNxoQNaNnjqgChH2MgohA8v5/OIk2AD1wzB+nqyf\nrRoA+ksoUrULyQqzRgbtkVWin5znQyQ2jWr4zwekBDTEYeBmOzbkp+cjevSWBoc3\nIOhULYykc3v/n4ZhNsrH6T6QEDes0QSH/H6HUlwrMhfDAsz8Bkk7vYW8E+uv/Yb+\nwfCgEPuhuxQUvYBYWBF7b1tv0FvUASPFAUMwSys/paLsqUKzgsKie8OUkvQJ\n-----END RSA PRIVATE KEY-----\n",
            "private_key_pem_pkcs8": "-----BEGIN PRIVATE KEY-----\nMIIJQwIBADANBgkqhkiG9w0BAQEFAASCCS0wggkpAgEAAoICAQC8Ty8JWTxhnIzq\n3ZqSAtvlHhxYc5I3/KRTG0pjePkrRzpouv4uboosce45NaBGKOeKFwXi4GxMZRCs\n8iFn+6vDjIPe+JvHxuF++zxJCF0h0iOLL4zP8Blo3iY+aaYa71Bg/U+h9WOE3PpH\ntzTP4MjPA3AjtFLuWjT2M0ySYVQvnSzR9ZEpgVpermp48yG/PR6ytiV+B0f8J1LE\nw0gqfpkaXEXzYHpWsg+c1SUK8ptsA9Gsu0m5wmRpcuFeBxtd8ceBP/ijvjYO8W5y\nKPCNB0XkNCl3re6NzoFvHQxhQ1aabznk86bqXt3CFhCpeHsxIs5r8E64WchcHZUU\nktibZC7Fze0YHwI3XWIhiu4nT+1PfO3d/tdVmoGJ+U4SIfeWcwX3EBb6DgFrtpRK\nMo9p/on6aGOBnFSNo5J5oq4OMkad0AxPz6xiS7oQqK9RiM/XY5lbz1NZQgTyBjtb\n4mfyd2h9SXySbEx8mVy8PAia++aTVW2al+uOx9t8coRCxUDlS//a/2WLnARitrHu\n4m763lutIhfJFjmnjJCYNErNDO3XIyk3P9Fx4Y8EY/PlVcN2iXcoPU150N7SyyOs\nW6VcVPxLJny6yAMefHFdbY+G4OemH5Gfthmzza5iZMSjivJNSd/IHiRS0FGegIK3\ndHlqZNCAu0gwnke7vNY+3aDcgkS0uwIDAQABAoICAB1CVHWoZuhn0cGAk07SoOY1\nyoO32WVXnRTIrcNM/bJKy/mP7IS8aj3Dqhc7jN655lgfgauh4VHxdijZKnWktiiZ\nQbg4esQM0+bOFKzoXsgthZZP2hpJHTmdIuYZtlSDEMMxONlabo8rYrwX7F3MeIcp\n6pexoh0k6QvEJsar1s/bJSaueFKxpaAGi8alSH4VehqckLDHYtj8JzEpgqIPr6xX\n4AqT2A52dlSRDcNotNuQsFiddTQmz0FPN1NL2WW8dppPnUub93xU6StVzyKqmaJ+\ntF7DKMjh6Fyib9UBCIjQdXdsoGfUO7K3iPk8HjAhT1+YJDMiyC3/7rUWqA9k/ps7\nM1HHo/77szgJVFlPm2laCF7MDquSfJ/cDb2AdM0PAnHMd9FuK6z7IyBnCaj61xur\n5dSnqAWJot/gpWzXJ5imeXzWom6c0WBHSHWUTjFtTWp7l0mSEYP5hEMWxtdPzsCm\nv81a5z47hMfpEIJv7i/ROSnWqFRFHLjho3r8/RgVpX8WU15bwrDERTZyKrOp1YPG\nPtIG1Nbfpda0y18LzzimvQcoPLVsib2zWnkINY76Ns/T0id756I8zgkIebT+Ueoz\nFgxEqmf4sHj6+ORvd9pe99b/dkBIVUc9lwkwUfe/PmN3A9boazXQOSRDW3rj1ZA/\nw0FEzzWYEsafl6K4IlOxAoIBAQDngUhvQNJB1Nkl6AjQsIensgXrjRiLP39Tr3sA\nK/w0lsw364z5KNd2sY8meADsJu0M2EsOsrmFycKY9tMl0MZXKM/+GnwqmluNg/DP\nN5WaFdmS7IxYNFtLrKCK2NfP4Q6gsnKgkAl3pu5BO+OLNO3GzxfJd2iWHYjxvWHB\nMnvogqI4W2rOlKa+eF7aWydrkYLHbIuJDn+wS2X0OE42Zibu2Pul7S+dz5be5jdk\nyikWkFDlc9sCTt1ZY0uyS2jXZyXWhODEdyEsT1LuMs/1I/PSi52IOXBKPkNAIka+\nLxot8IbBWHLt1UPXLTh4mD/u3EeoSoDuCrvQdoaki5LSnUiDAoIBAQDQO96yMxzD\nNH7CLs35k0nFJrSkdh31IfROPj16YX/AS2Xme+BfnAnPAS/LAKiJn5n3Em1LuS2/\nszUaBiH4NjE4U2oYO0KwOH41hc9Fbcb3UpeBEIQf0C96a2uMAK8jxNzcNubvzAII\neCaTo9OPjNKyuHqdhvSoU8kOyIW+/qwXZq2OlsTWXCMRyu3LQp2cPbF8xNN4Ovnk\ncrDQX6D5N2emyJsAI565HzrpIZSiJTEyf52UsG72zvS0Sj/EAZj8cOfyHVOMKlro\nF73vagDZNDOmfcA6xD02uM/a5E9kLSmtI7ReGJQU0B1VkZ5Yk7QYEe+uuF/q9AIg\n6DZD7+WcHn1pAoIBAQCpBRLFZyYbOjNwIYCOHNRt8uOvnkwVHj7v8mZzManpG0/u\nY+OA5fiph+ljxKmnwKPBhQkHqiUZML0KwOpX6Z1ldT6l3uBYmmnNYE8oewSWgu1e\n/6VXoKInFdoAhWDLPR1Y5fAamg7PdOjuZ7Mxp2sSg5ByXuPU9atOE16TlzAwCXA2\nhUftm0pCNc/KzFJzjsFUqEMXxaYkKGg/bfxsaxhxuanA8vKY3T7hbmNzCsYE20i0\nvWlgvgONh5l0iun4mi5d+JXB2tg1aZS6pA6Ag8c4KQbStlztV5fx8xSDNhB/CeTY\ntKL0UYg+SZ25Li8/TURj8kE/ikalZGPZLq37ZynRAoIBAQDK1RaGI+1nY5H5Whf+\ne+7GoH4jGH7z0SAkutGtjJ0g1RCsIowa9WZEghZoufpxG8qgdQ2LThR2/3vBHqom\nGbt17yKP+eFqv4yIXA/axCSjsoqrCEh6qJImv83hcKUoxVCRHNV0TRbJ4ydIdrLT\nyEtQFQwyt0tHT12wDbjhozZEERsLomaXmuX6Jd3dOMVHdHyXWS3XljLlyKXcQtoN\nB1/qgMsipo+sKPR8M96Q1oOGefIn7HgZ5ttLZmuYZCn984irOM+x32vvWXkEZQ/w\ngr2w9hqx44bw77JfuDZxEODgqr+9TFmpsFJykEZaZ31sWMRMP4IG3anZHfgF0v6o\nRLbJAoIBAALmuWy01Yp9sf+18boGIEGgywcRd/RH+R2j3eRCsCcOgsmOesB7fyEr\nnaBf3yi5aQhjDAWSUaFryL0cMXRn6Gw9RmHeWDO5aQAbUvRYKKUOoxEpd/qs3GhA\n1o2eOqAKEfYyCiEDy/n84iTYAPXDMH6erJ+tGgD6SyhStQvJCrNGBu2RVaKfnOdD\nJDaNavjPB6QENMRh4GY7NuSn5yN69JYGhzcg6FQtjKRze/+fhmE2ysfpPpAQN6zR\nBIf8fodSXCsyF8MCzPwGSTu9hbwT66/9hv7B8KAQ+6G7FBS9gFhYEXtvW2/QW9QB\nI8UBQzBLKz+louypQrOCwqJ7w5SS9Ak=\n-----END PRIVATE KEY-----\n",
            "public_key_fingerprint_md5": "b7:94:7e:15:73:67:dc:19:96:e3:96:9e:06:c6:bf:d9",
            "public_key_fingerprint_sha256": "SHA256:A0auXlHFt7QUx1Y773B/IDiLnwQeHBISTqLJkQZLwko",
            "public_key_openssh": "ssh-rsa AAAAB3NzaC1yc2EAAAADAQABAAACAQC8Ty8JWTxhnIzq3ZqSAtvlHhxYc5I3/KRTG0pjePkrRzpouv4uboosce45NaBGKOeKFwXi4GxMZRCs8iFn+6vDjIPe+JvHxuF++zxJCF0h0iOLL4zP8Blo3iY+aaYa71Bg/U+h9WOE3PpHtzTP4MjPA3AjtFLuWjT2M0ySYVQvnSzR9ZEpgVpermp48yG/PR6ytiV+B0f8J1LEw0gqfpkaXEXzYHpWsg+c1SUK8ptsA9Gsu0m5wmRpcuFeBxtd8ceBP/ijvjYO8W5yKPCNB0XkNCl3re6NzoFvHQxhQ1aabznk86bqXt3CFhCpeHsxIs5r8E64WchcHZUUktibZC7Fze0YHwI3XWIhiu4nT+1PfO3d/tdVmoGJ+U4SIfeWcwX3EBb6DgFrtpRKMo9p/on6aGOBnFSNo5J5oq4OMkad0AxPz6xiS7oQqK9RiM/XY5lbz1NZQgTyBjtb4mfyd2h9SXySbEx8mVy8PAia++aTVW2al+uOx9t8coRCxUDlS//a/2WLnARitrHu4m763lutIhfJFjmnjJCYNErNDO3XIyk3P9Fx4Y8EY/PlVcN2iXcoPU150N7SyyOsW6VcVPxLJny6yAMefHFdbY+G4OemH5Gfthmzza5iZMSjivJNSd/IHiRS0FGegIK3dHlqZNCAu0gwnke7vNY+3aDcgkS0uw==\n",
            "public_key_pem": "-----BEGIN PUBLIC KEY-----\nMIICIjANBgkqhkiG9w0BAQEFAAOCAg8AMIICCgKCAgEAvE8vCVk8YZyM6t2akgLb\n5R4cWHOSN/ykUxtKY3j5K0c6aLr+Lm6KLHHuOTWgRijnihcF4uBsTGUQrPIhZ/ur\nw4yD3vibx8bhfvs8SQhdIdIjiy+Mz/AZaN4mPmmmGu9QYP1PofVjhNz6R7c0z+DI\nzwNwI7RS7lo09jNMkmFUL50s0fWRKYFaXq5qePMhvz0esrYlfgdH/CdSxMNIKn6Z\nGlxF82B6VrIPnNUlCvKbbAPRrLtJucJkaXLhXgcbXfHHgT/4o742DvFucijwjQdF\n5DQpd63ujc6Bbx0MYUNWmm855POm6l7dwhYQqXh7MSLOa/BOuFnIXB2VFJLYm2Qu\nxc3tGB8CN11iIYruJ0/tT3zt3f7XVZqBiflOEiH3lnMF9xAW+g4Ba7aUSjKPaf6J\n+mhjgZxUjaOSeaKuDjJGndAMT8+sYku6EKivUYjP12OZW89TWUIE8gY7W+Jn8ndo\nfUl8kmxMfJlcvDwImvvmk1VtmpfrjsfbfHKEQsVA5Uv/2v9li5wEYrax7uJu+t5b\nrSIXyRY5p4yQmDRKzQzt1yMpNz/RceGPBGPz5VXDdol3KD1NedDe0ssjrFulXFT8\nSyZ8usgDHnxxXW2PhuDnph+Rn7YZs82uYmTEo4ryTUnfyB4kUtBRnoCCt3R5amTQ\ngLtIMJ5Hu7zWPt2g3IJEtLsCAwEAAQ==\n-----END PUBLIC KEY-----\n",
            "rsa_bits": 4096
          },
          "sensitive_attributes": []
        }
      ]
    },
    {
      "module": "module.network",
      "mode": "data",
      "type": "aws_availability_zones",
      "name": "available",
      "provider": "provider[\"registry.terraform.io/hashicorp/aws\"]",
      "instances": [
        {
          "schema_version": 0,
          "attributes": {
            "all_availability_zones": null,
            "exclude_names": null,
            "exclude_zone_ids": null,
            "filter": null,
            "group_names": [
              "eu-central-1"
            ],
            "id": "eu-central-1",
            "names": [
              "eu-central-1a",
              "eu-central-1b",
              "eu-central-1c"
            ],
            "state": "available",
            "timeouts": null,
            "zone_ids": [
              "euc1-az2",
              "euc1-az3",
              "euc1-az1"
            ]
          },
          "sensitive_attributes": []
        }
      ]
    },
    {
      "module": "module.network",
      "mode": "managed",
      "type": "aws_internet_gateway",
      "name": "igw",
      "provider": "provider[\"registry.terraform.io/hashicorp/aws\"]",
      "instances": [
        {
          "schema_version": 0,
          "attributes": {
            "arn": "arn:aws:ec2:eu-central-1:294914547699:internet-gateway/igw-00fa4f25818554823",
            "id": "igw-00fa4f25818554823",
            "owner_id": "294914547699",
            "tags": {
              "Name": "IGW"
            },
            "tags_all": {
              "Name": "IGW"
            },
            "timeouts": null,
            "vpc_id": "vpc-01c08166cda7835a4"
          },
          "sensitive_attributes": [],
          "private": "eyJlMmJmYjczMC1lY2FhLTExZTYtOGY4OC0zNDM2M2JjN2M0YzAiOnsiY3JlYXRlIjoxMjAwMDAwMDAwMDAwLCJkZWxldGUiOjEyMDAwMDAwMDAwMDAsInVwZGF0ZSI6MTIwMDAwMDAwMDAwMH19",
          "dependencies": [
            "module.network.aws_vpc.vpc"
          ]
        }
      ]
    },
    {
      "module": "module.network",
      "mode": "managed",
      "type": "aws_route",
      "name": "default_route",
      "provider": "provider[\"registry.terraform.io/hashicorp/aws\"]",
      "instances": [
        {
          "schema_version": 0,
          "attributes": {
            "carrier_gateway_id": "",
            "core_network_arn": "",
            "destination_cidr_block": "0.0.0.0/0",
            "destination_ipv6_cidr_block": "",
            "destination_prefix_list_id": "",
            "egress_only_gateway_id": "",
            "gateway_id": "igw-00fa4f25818554823",
            "id": "r-rtb-02f217d29687c84bb1080289494",
            "instance_id": "",
            "instance_owner_id": "",
            "local_gateway_id": "",
            "nat_gateway_id": "",
            "network_interface_id": "",
            "origin": "CreateRoute",
            "route_table_id": "rtb-02f217d29687c84bb",
            "state": "active",
            "timeouts": null,
            "transit_gateway_id": "",
            "vpc_endpoint_id": "",
            "vpc_peering_connection_id": ""
          },
          "sensitive_attributes": [],
          "private": "eyJlMmJmYjczMC1lY2FhLTExZTYtOGY4OC0zNDM2M2JjN2M0YzAiOnsiY3JlYXRlIjozMDAwMDAwMDAwMDAsImRlbGV0ZSI6MzAwMDAwMDAwMDAwLCJ1cGRhdGUiOjEyMDAwMDAwMDAwMH19",
          "dependencies": [
            "module.network.aws_internet_gateway.igw",
            "module.network.aws_route_table.public_rt",
            "module.network.aws_vpc.vpc"
          ]
        }
      ]
    },
    {
      "module": "module.network",
      "mode": "managed",
      "type": "aws_route_table",
      "name": "public_rt",
      "provider": "provider[\"registry.terraform.io/hashicorp/aws\"]",
      "instances": [
        {
          "schema_version": 0,
          "attributes": {
            "arn": "arn:aws:ec2:eu-central-1:294914547699:route-table/rtb-02f217d29687c84bb",
            "id": "rtb-02f217d29687c84bb",
            "owner_id": "294914547699",
            "propagating_vgws": [],
            "route": [],
            "tags": {
              "Name": "Public RT"
            },
            "tags_all": {
              "Name": "Public RT"
            },
            "timeouts": null,
            "vpc_id": "vpc-01c08166cda7835a4"
          },
          "sensitive_attributes": [],
          "private": "eyJlMmJmYjczMC1lY2FhLTExZTYtOGY4OC0zNDM2M2JjN2M0YzAiOnsiY3JlYXRlIjozMDAwMDAwMDAwMDAsImRlbGV0ZSI6MzAwMDAwMDAwMDAwLCJ1cGRhdGUiOjEyMDAwMDAwMDAwMH19",
          "dependencies": [
            "module.network.aws_vpc.vpc"
          ]
        }
      ]
    },
    {
      "module": "module.network",
      "mode": "managed",
      "type": "aws_route_table_association",
      "name": "public_assoc",
      "provider": "provider[\"registry.terraform.io/hashicorp/aws\"]",
      "instances": [
        {
          "schema_version": 0,
          "attributes": {
            "gateway_id": "",
            "id": "rtbassoc-02bdbb54a34bb9905",
            "route_table_id": "rtb-02f217d29687c84bb",
            "subnet_id": "subnet-06cf5140cf808f609"
          },
          "sensitive_attributes": [],
          "private": "bnVsbA==",
          "dependencies": [
            "module.network.aws_route_table.public_rt",
            "module.network.aws_subnet.public_subnet",
            "module.network.aws_vpc.vpc",
            "module.network.data.aws_availability_zones.available"
          ]
        }
      ]
    },
    {
      "module": "module.network",
      "mode": "managed",
      "type": "aws_security_group",
      "name": "sg",
      "provider": "provider[\"registry.terraform.io/hashicorp/aws\"]",
      "instances": [
        {
          "index_key": "public",
          "schema_version": 1,
          "attributes": {
            "arn": "arn:aws:ec2:eu-central-1:294914547699:security-group/sg-0ea921e78e724992b",
            "description": "Security group for Public Access",
            "egress": [
              {
                "cidr_blocks": [
                  "0.0.0.0/0"
                ],
                "description": "",
                "from_port": 0,
                "ipv6_cidr_blocks": [],
                "prefix_list_ids": [],
                "protocol": "-1",
                "security_groups": [],
                "self": false,
                "to_port": 0
              }
            ],
            "id": "sg-0ea921e78e724992b",
            "ingress": [
              {
                "cidr_blocks": [
                  "0.0.0.0/0"
                ],
                "description": "",
                "from_port": 22,
                "ipv6_cidr_blocks": [],
                "prefix_list_ids": [],
                "protocol": "tcp",
                "security_groups": [],
                "self": false,
                "to_port": 22
              },
              {
                "cidr_blocks": [
                  "0.0.0.0/0"
                ],
                "description": "",
                "from_port": 443,
                "ipv6_cidr_blocks": [],
                "prefix_list_ids": [],
                "protocol": "tcp",
                "security_groups": [],
                "self": false,
                "to_port": 443
              },
              {
                "cidr_blocks": [
                  "0.0.0.0/0"
                ],
                "description": "",
                "from_port": 80,
                "ipv6_cidr_blocks": [],
                "prefix_list_ids": [],
                "protocol": "tcp",
                "security_groups": [],
                "self": false,
                "to_port": 80
              }
            ],
            "name": "public_sg",
            "name_prefix": "",
            "owner_id": "294914547699",
            "revoke_rules_on_delete": false,
            "tags": null,
            "tags_all": {},
            "timeouts": null,
            "vpc_id": "vpc-01c08166cda7835a4"
          },
          "sensitive_attributes": [],
          "private": "eyJlMmJmYjczMC1lY2FhLTExZTYtOGY4OC0zNDM2M2JjN2M0YzAiOnsiY3JlYXRlIjo2MDAwMDAwMDAwMDAsImRlbGV0ZSI6OTAwMDAwMDAwMDAwfSwic2NoZW1hX3ZlcnNpb24iOiIxIn0=",
          "dependencies": [
            "module.network.aws_vpc.vpc"
          ]
        }
      ]
    },
    {
      "module": "module.network",
      "mode": "managed",
      "type": "aws_subnet",
      "name": "public_subnet",
      "provider": "provider[\"registry.terraform.io/hashicorp/aws\"]",
      "instances": [
        {
          "schema_version": 1,
          "attributes": {
            "arn": "arn:aws:ec2:eu-central-1:294914547699:subnet/subnet-06cf5140cf808f609",
            "assign_ipv6_address_on_creation": false,
            "availability_zone": "eu-central-1a",
            "availability_zone_id": "euc1-az2",
            "cidr_block": "10.123.2.0/24",
            "customer_owned_ipv4_pool": "",
            "enable_dns64": false,
            "enable_resource_name_dns_a_record_on_launch": false,
            "enable_resource_name_dns_aaaa_record_on_launch": false,
            "id": "subnet-06cf5140cf808f609",
            "ipv6_cidr_block": "",
            "ipv6_cidr_block_association_id": "",
            "ipv6_native": false,
            "map_customer_owned_ip_on_launch": false,
            "map_public_ip_on_launch": true,
            "outpost_arn": "",
            "owner_id": "294914547699",
            "private_dns_hostname_type_on_launch": "ip-name",
            "tags": {
              "Name": "Public Subnet"
            },
            "tags_all": {
              "Name": "Public Subnet"
            },
            "timeouts": null,
            "vpc_id": "vpc-01c08166cda7835a4"
          },
          "sensitive_attributes": [],
          "private": "eyJlMmJmYjczMC1lY2FhLTExZTYtOGY4OC0zNDM2M2JjN2M0YzAiOnsiY3JlYXRlIjo2MDAwMDAwMDAwMDAsImRlbGV0ZSI6MTIwMDAwMDAwMDAwMH0sInNjaGVtYV92ZXJzaW9uIjoiMSJ9",
          "dependencies": [
            "module.network.aws_vpc.vpc",
            "module.network.data.aws_availability_zones.available"
          ]
        }
      ]
    },
    {
      "module": "module.network",
      "mode": "managed",
      "type": "aws_vpc",
      "name": "vpc",
      "provider": "provider[\"registry.terraform.io/hashicorp/aws\"]",
      "instances": [
        {
          "schema_version": 1,
          "attributes": {
            "arn": "arn:aws:ec2:eu-central-1:294914547699:vpc/vpc-01c08166cda7835a4",
            "assign_generated_ipv6_cidr_block": false,
            "cidr_block": "10.123.0.0/16",
            "default_network_acl_id": "acl-03a0b408a0c302cf2",
            "default_route_table_id": "rtb-0336347dae602ac22",
            "default_security_group_id": "sg-0bcc1cefabcb5266d",
            "dhcp_options_id": "dopt-06d7370d0d366ae58",
            "enable_classiclink": false,
            "enable_classiclink_dns_support": false,
            "enable_dns_hostnames": true,
            "enable_dns_support": true,
            "id": "vpc-01c08166cda7835a4",
            "instance_tenancy": "default",
            "ipv4_ipam_pool_id": null,
            "ipv4_netmask_length": null,
            "ipv6_association_id": "",
            "ipv6_cidr_block": "",
            "ipv6_cidr_block_network_border_group": "",
            "ipv6_ipam_pool_id": "",
            "ipv6_netmask_length": 0,
            "main_route_table_id": "rtb-0336347dae602ac22",
            "owner_id": "294914547699",
            "tags": {
              "Name": "VPC"
            },
            "tags_all": {
              "Name": "VPC"
            }
          },
          "sensitive_attributes": [],
          "private": "eyJzY2hlbWFfdmVyc2lvbiI6IjEifQ==",
          "create_before_destroy": true
        }
      ]
    }
  ]
}
